{
  "name": "vfr-trainer-claude",
  "lockfileVersion": 3,
  "requires": true,
  "packages": {
    "": {
      "name": "vfr-trainer-claude",
      "devDependencies": {
        "pngjs": "^6.0.0"
      }
    },
    "node_modules/pngjs": {
      "version": "6.0.0",
      "resolved": "https://registry.npmjs.org/pngjs/-/pngjs-6.0.0.tgz",
      "integrity": "sha512-TRzzuFRRmEoSW/p1KVAmiOgPco2Irlah+bGFCeNfJXxxYGwSw7YwAOAcd7X28K/m5bjBWKsC29KyoMfHbypayg==",
      "dev": true,
      "license": "MIT",
      "engines": {
        "node": ">=12.13.0"
      }
    }
  }
}
